{
  "version": 4,
  "terraform_version": "1.15.5",
  "serial": 42,
  "lineage": "466325d0-67ad-75d5-3e15-cb0a22082345",
  "outputs": {
    "artifact_registry_repo": {
      "value": "us-central1-docker.pkg.dev/project-452fd151-b35e-42c3-9e8/apu-images",
      "type": "string"
    },
    "bucket_name": {
      "value": "mantum-apu-comparativos-452fd151",
      "type": "string"
    },
    "deployer_sa_email": {
      "value": "apu-deployer-sa@project-452fd151-b35e-42c3-9e8.iam.gserviceaccount.com",
      "type": "string"
    },
    "service_account_email": {
      "value": "apu-comparativo-sa@project-452fd151-b35e-42c3-9e8.iam.gserviceaccount.com",
      "type": "string"
    },
    "wif_provider": {
      "value": "projects/285116077661/locations/global/workloadIdentityPools/github-pool/providers/github-provider",
      "type": "string"
    }
  },
  "resources": [
    {
      "mode": "managed",
      "type": "google_artifact_registry_repository",
      "name": "images",
      "provider": "provider[\"registry.terraform.io/hashicorp/google\"]",
      "instances": [
        {
          "schema_version": 0,
          "attributes": {
            "cleanup_policies": [],
            "cleanup_policy_dry_run": false,
            "create_time": "2026-06-05T14:04:17.032024Z",
            "description": "Imágenes del microservicio APU",
            "docker_config": [],
            "effective_labels": {},
            "format": "DOCKER",
            "id": "projects/project-452fd151-b35e-42c3-9e8/locations/us-central1/repositories/apu-images",
            "kms_key_name": "",
            "labels": {},
            "location": "us-central1",
            "maven_config": [],
            "mode": "STANDARD_REPOSITORY",
            "name": "apu-images",
            "project": "project-452fd151-b35e-42c3-9e8",
            "remote_repository_config": [],
            "repository_id": "apu-images",
            "terraform_labels": {},
            "timeouts": null,
            "update_time": "2026-06-05T14:04:17.032024Z",
            "virtual_repository_config": []
          },
          "sensitive_attributes": [],
          "identity_schema_version": 0,
          "private": "eyJlMmJmYjczMC1lY2FhLTExZTYtOGY4OC0zNDM2M2JjN2M0YzAiOnsiY3JlYXRlIjoxMjAwMDAwMDAwMDAwLCJkZWxldGUiOjEyMDAwMDAwMDAwMDAsInVwZGF0ZSI6MTIwMDAwMDAwMDAwMH19",
          "dependencies": [
            "google_project_service.apis"
          ]
        }
      ]
    },
    {
      "mode": "managed",
      "type": "google_iam_workload_identity_pool",
      "name": "github",
      "provider": "provider[\"registry.terraform.io/hashicorp/google\"]",
      "instances": [
        {
          "schema_version": 0,
          "attributes": {
            "description": "Pool para autenticar GitHub Actions vía OIDC",
            "disabled": false,
            "display_name": "GitHub Actions Pool",
            "id": "projects/project-452fd151-b35e-42c3-9e8/locations/global/workloadIdentityPools/github-pool",
            "name": "projects/285116077661/locations/global/workloadIdentityPools/github-pool",
            "project": "project-452fd151-b35e-42c3-9e8",
            "state": "ACTIVE",
            "timeouts": null,
            "workload_identity_pool_id": "github-pool"
          },
          "sensitive_attributes": [],
          "identity_schema_version": 0,
          "private": "eyJlMmJmYjczMC1lY2FhLTExZTYtOGY4OC0zNDM2M2JjN2M0YzAiOnsiY3JlYXRlIjoxMjAwMDAwMDAwMDAwLCJkZWxldGUiOjEyMDAwMDAwMDAwMDAsInVwZGF0ZSI6MTIwMDAwMDAwMDAwMH19"
        }
      ]
    },
    {
      "mode": "managed",
      "type": "google_iam_workload_identity_pool_provider",
      "name": "github",
      "provider": "provider[\"registry.terraform.io/hashicorp/google\"]",
      "instances": [
        {
          "schema_version": 0,
          "attributes": {
            "attribute_condition": "assertion.repository == \"spereze27/Mantum-Automatizador-APU\"",
            "attribute_mapping": {
              "attribute.repository": "assertion.repository",
              "google.subject": "assertion.sub"
            },
            "aws": [],
            "description": "",
            "disabled": false,
            "display_name": "GitHub OIDC",
            "id": "projects/project-452fd151-b35e-42c3-9e8/locations/global/workloadIdentityPools/github-pool/providers/github-provider",
            "name": "projects/285116077661/locations/global/workloadIdentityPools/github-pool/providers/github-provider",
            "oidc": [
              {
                "allowed_audiences": null,
                "issuer_uri": "https://token.actions.githubusercontent.com",
                "jwks_json": ""
              }
            ],
            "project": "project-452fd151-b35e-42c3-9e8",
            "saml": [],
            "state": "ACTIVE",
            "timeouts": null,
            "workload_identity_pool_id": "github-pool",
            "workload_identity_pool_provider_id": "github-provider"
          },
          "sensitive_attributes": [],
          "identity_schema_version": 0,
          "private": "eyJlMmJmYjczMC1lY2FhLTExZTYtOGY4OC0zNDM2M2JjN2M0YzAiOnsiY3JlYXRlIjoxMjAwMDAwMDAwMDAwLCJkZWxldGUiOjEyMDAwMDAwMDAwMDAsInVwZGF0ZSI6MTIwMDAwMDAwMDAwMH19",
          "dependencies": [
            "google_iam_workload_identity_pool.github"
          ]
        }
      ]
    },
    {
      "mode": "managed",
      "type": "google_project_iam_member",
      "name": "deployer_roles",
      "provider": "provider[\"registry.terraform.io/hashicorp/google\"]",
      "instances": [
        {
          "index_key": "roles/artifactregistry.writer",
          "schema_version": 0,
          "attributes": {
            "condition": [],
            "etag": "BwZTgiI18sg=",
            "id": "project-452fd151-b35e-42c3-9e8/roles/artifactregistry.writer/serviceAccount:apu-deployer-sa@project-452fd151-b35e-42c3-9e8.iam.gserviceaccount.com",
            "member": "serviceAccount:apu-deployer-sa@project-452fd151-b35e-42c3-9e8.iam.gserviceaccount.com",
            "project": "project-452fd151-b35e-42c3-9e8",
            "role": "roles/artifactregistry.writer"
          },
          "sensitive_attributes": [],
          "identity_schema_version": 0,
          "private": "bnVsbA==",
          "dependencies": [
            "google_service_account.deployer_sa"
          ]
        },
        {
          "index_key": "roles/cloudbuild.builds.editor",
          "schema_version": 0,
          "attributes": {
            "condition": [],
            "etag": "BwZTgiI18sg=",
            "id": "project-452fd151-b35e-42c3-9e8/roles/cloudbuild.builds.editor/serviceAccount:apu-deployer-sa@project-452fd151-b35e-42c3-9e8.iam.gserviceaccount.com",
            "member": "serviceAccount:apu-deployer-sa@project-452fd151-b35e-42c3-9e8.iam.gserviceaccount.com",
            "project": "project-452fd151-b35e-42c3-9e8",
            "role": "roles/cloudbuild.builds.editor"
          },
          "sensitive_attributes": [],
          "identity_schema_version": 0,
          "private": "bnVsbA==",
          "dependencies": [
            "google_service_account.deployer_sa"
          ]
        },
        {
          "index_key": "roles/iam.serviceAccountUser",
          "schema_version": 0,
          "attributes": {
            "condition": [],
            "etag": "BwZTgiI18sg=",
            "id": "project-452fd151-b35e-42c3-9e8/roles/iam.serviceAccountUser/serviceAccount:apu-deployer-sa@project-452fd151-b35e-42c3-9e8.iam.gserviceaccount.com",
            "member": "serviceAccount:apu-deployer-sa@project-452fd151-b35e-42c3-9e8.iam.gserviceaccount.com",
            "project": "project-452fd151-b35e-42c3-9e8",
            "role": "roles/iam.serviceAccountUser"
          },
          "sensitive_attributes": [],
          "identity_schema_version": 0,
          "private": "bnVsbA==",
          "dependencies": [
            "google_service_account.deployer_sa"
          ]
        },
        {
          "index_key": "roles/run.admin",
          "schema_version": 0,
          "attributes": {
            "condition": [],
            "etag": "BwZTgiI18sg=",
            "id": "project-452fd151-b35e-42c3-9e8/roles/run.admin/serviceAccount:apu-deployer-sa@project-452fd151-b35e-42c3-9e8.iam.gserviceaccount.com",
            "member": "serviceAccount:apu-deployer-sa@project-452fd151-b35e-42c3-9e8.iam.gserviceaccount.com",
            "project": "project-452fd151-b35e-42c3-9e8",
            "role": "roles/run.admin"
          },
          "sensitive_attributes": [],
          "identity_schema_version": 0,
          "private": "bnVsbA==",
          "dependencies": [
            "google_service_account.deployer_sa"
          ]
        },
        {
          "index_key": "roles/storage.admin",
          "schema_version": 0,
          "attributes": {
            "condition": [],
            "etag": "BwZTgiI18sg=",
            "id": "project-452fd151-b35e-42c3-9e8/roles/storage.admin/serviceAccount:apu-deployer-sa@project-452fd151-b35e-42c3-9e8.iam.gserviceaccount.com",
            "member": "serviceAccount:apu-deployer-sa@project-452fd151-b35e-42c3-9e8.iam.gserviceaccount.com",
            "project": "project-452fd151-b35e-42c3-9e8",
            "role": "roles/storage.admin"
          },
          "sensitive_attributes": [],
          "identity_schema_version": 0,
          "private": "bnVsbA==",
          "dependencies": [
            "google_service_account.deployer_sa"
          ]
        }
      ]
    },
    {
      "mode": "managed",
      "type": "google_project_service",
      "name": "apis",
      "provider": "provider[\"registry.terraform.io/hashicorp/google\"]",
      "instances": [
        {
          "index_key": "artifactregistry.googleapis.com",
          "schema_version": 0,
          "attributes": {
            "disable_dependent_services": null,
            "disable_on_destroy": false,
            "id": "project-452fd151-b35e-42c3-9e8/artifactregistry.googleapis.com",
            "project": "project-452fd151-b35e-42c3-9e8",
            "service": "artifactregistry.googleapis.com",
            "timeouts": null
          },
          "sensitive_attributes": [],
          "identity_schema_version": 0,
          "private": "eyJlMmJmYjczMC1lY2FhLTExZTYtOGY4OC0zNDM2M2JjN2M0YzAiOnsiY3JlYXRlIjoxMjAwMDAwMDAwMDAwLCJkZWxldGUiOjEyMDAwMDAwMDAwMDAsInJlYWQiOjYwMDAwMDAwMDAwMCwidXBkYXRlIjoxMjAwMDAwMDAwMDAwfX0="
        },
        {
          "index_key": "cloudbuild.googleapis.com",
          "schema_version": 0,
          "attributes": {
            "disable_dependent_services": null,
            "disable_on_destroy": false,
            "id": "project-452fd151-b35e-42c3-9e8/cloudbuild.googleapis.com",
            "project": "project-452fd151-b35e-42c3-9e8",
            "service": "cloudbuild.googleapis.com",
            "timeouts": null
          },
          "sensitive_attributes": [],
          "identity_schema_version": 0,
          "private": "eyJlMmJmYjczMC1lY2FhLTExZTYtOGY4OC0zNDM2M2JjN2M0YzAiOnsiY3JlYXRlIjoxMjAwMDAwMDAwMDAwLCJkZWxldGUiOjEyMDAwMDAwMDAwMDAsInJlYWQiOjYwMDAwMDAwMDAwMCwidXBkYXRlIjoxMjAwMDAwMDAwMDAwfX0="
        },
        {
          "index_key": "drive.googleapis.com",
          "schema_version": 0,
          "attributes": {
            "disable_dependent_services": null,
            "disable_on_destroy": false,
            "id": "project-452fd151-b35e-42c3-9e8/drive.googleapis.com",
            "project": "project-452fd151-b35e-42c3-9e8",
            "service": "drive.googleapis.com",
            "timeouts": null
          },
          "sensitive_attributes": [],
          "identity_schema_version": 0,
          "private": "eyJlMmJmYjczMC1lY2FhLTExZTYtOGY4OC0zNDM2M2JjN2M0YzAiOnsiY3JlYXRlIjoxMjAwMDAwMDAwMDAwLCJkZWxldGUiOjEyMDAwMDAwMDAwMDAsInJlYWQiOjYwMDAwMDAwMDAwMCwidXBkYXRlIjoxMjAwMDAwMDAwMDAwfX0="
        },
        {
          "index_key": "iam.googleapis.com",
          "schema_version": 0,
          "attributes": {
            "disable_dependent_services": null,
            "disable_on_destroy": false,
            "id": "project-452fd151-b35e-42c3-9e8/iam.googleapis.com",
            "project": "project-452fd151-b35e-42c3-9e8",
            "service": "iam.googleapis.com",
            "timeouts": null
          },
          "sensitive_attributes": [],
          "identity_schema_version": 0,
          "private": "eyJlMmJmYjczMC1lY2FhLTExZTYtOGY4OC0zNDM2M2JjN2M0YzAiOnsiY3JlYXRlIjoxMjAwMDAwMDAwMDAwLCJkZWxldGUiOjEyMDAwMDAwMDAwMDAsInJlYWQiOjYwMDAwMDAwMDAwMCwidXBkYXRlIjoxMjAwMDAwMDAwMDAwfX0="
        },
        {
          "index_key": "iamcredentials.googleapis.com",
          "schema_version": 0,
          "attributes": {
            "disable_dependent_services": null,
            "disable_on_destroy": false,
            "id": "project-452fd151-b35e-42c3-9e8/iamcredentials.googleapis.com",
            "project": "project-452fd151-b35e-42c3-9e8",
            "service": "iamcredentials.googleapis.com",
            "timeouts": null
          },
          "sensitive_attributes": [],
          "identity_schema_version": 0,
          "private": "eyJlMmJmYjczMC1lY2FhLTExZTYtOGY4OC0zNDM2M2JjN2M0YzAiOnsiY3JlYXRlIjoxMjAwMDAwMDAwMDAwLCJkZWxldGUiOjEyMDAwMDAwMDAwMDAsInJlYWQiOjYwMDAwMDAwMDAwMCwidXBkYXRlIjoxMjAwMDAwMDAwMDAwfX0="
        },
        {
          "index_key": "run.googleapis.com",
          "schema_version": 0,
          "attributes": {
            "disable_dependent_services": null,
            "disable_on_destroy": false,
            "id": "project-452fd151-b35e-42c3-9e8/run.googleapis.com",
            "project": "project-452fd151-b35e-42c3-9e8",
            "service": "run.googleapis.com",
            "timeouts": null
          },
          "sensitive_attributes": [],
          "identity_schema_version": 0,
          "private": "eyJlMmJmYjczMC1lY2FhLTExZTYtOGY4OC0zNDM2M2JjN2M0YzAiOnsiY3JlYXRlIjoxMjAwMDAwMDAwMDAwLCJkZWxldGUiOjEyMDAwMDAwMDAwMDAsInJlYWQiOjYwMDAwMDAwMDAwMCwidXBkYXRlIjoxMjAwMDAwMDAwMDAwfX0="
        },
        {
          "index_key": "sheets.googleapis.com",
          "schema_version": 0,
          "attributes": {
            "disable_dependent_services": null,
            "disable_on_destroy": false,
            "id": "project-452fd151-b35e-42c3-9e8/sheets.googleapis.com",
            "project": "project-452fd151-b35e-42c3-9e8",
            "service": "sheets.googleapis.com",
            "timeouts": null
          },
          "sensitive_attributes": [],
          "identity_schema_version": 0,
          "private": "eyJlMmJmYjczMC1lY2FhLTExZTYtOGY4OC0zNDM2M2JjN2M0YzAiOnsiY3JlYXRlIjoxMjAwMDAwMDAwMDAwLCJkZWxldGUiOjEyMDAwMDAwMDAwMDAsInJlYWQiOjYwMDAwMDAwMDAwMCwidXBkYXRlIjoxMjAwMDAwMDAwMDAwfX0="
        },
        {
          "index_key": "storage.googleapis.com",
          "schema_version": 0,
          "attributes": {
            "disable_dependent_services": null,
            "disable_on_destroy": false,
            "id": "project-452fd151-b35e-42c3-9e8/storage.googleapis.com",
            "project": "project-452fd151-b35e-42c3-9e8",
            "service": "storage.googleapis.com",
            "timeouts": null
          },
          "sensitive_attributes": [],
          "identity_schema_version": 0,
          "private": "eyJlMmJmYjczMC1lY2FhLTExZTYtOGY4OC0zNDM2M2JjN2M0YzAiOnsiY3JlYXRlIjoxMjAwMDAwMDAwMDAwLCJkZWxldGUiOjEyMDAwMDAwMDAwMDAsInJlYWQiOjYwMDAwMDAwMDAwMCwidXBkYXRlIjoxMjAwMDAwMDAwMDAwfX0="
        },
        {
          "index_key": "sts.googleapis.com",
          "schema_version": 0,
          "attributes": {
            "disable_dependent_services": null,
            "disable_on_destroy": false,
            "id": "project-452fd151-b35e-42c3-9e8/sts.googleapis.com",
            "project": "project-452fd151-b35e-42c3-9e8",
            "service": "sts.googleapis.com",
            "timeouts": null
          },
          "sensitive_attributes": [],
          "identity_schema_version": 0,
          "private": "eyJlMmJmYjczMC1lY2FhLTExZTYtOGY4OC0zNDM2M2JjN2M0YzAiOnsiY3JlYXRlIjoxMjAwMDAwMDAwMDAwLCJkZWxldGUiOjEyMDAwMDAwMDAwMDAsInJlYWQiOjYwMDAwMDAwMDAwMCwidXBkYXRlIjoxMjAwMDAwMDAwMDAwfX0="
        }
      ]
    },
    {
      "mode": "managed",
      "type": "google_service_account",
      "name": "apu_sa",
      "provider": "provider[\"registry.terraform.io/hashicorp/google\"]",
      "instances": [
        {
          "schema_version": 0,
          "attributes": {
            "account_id": "apu-comparativo-sa",
            "create_ignore_already_exists": null,
            "description": "SA usada por el servicio para leer/escribir GCS y Sheets.",
            "disabled": false,
            "display_name": "APU Comparativo - Cloud Run runtime SA",
            "email": "apu-comparativo-sa@project-452fd151-b35e-42c3-9e8.iam.gserviceaccount.com",
            "id": "projects/project-452fd151-b35e-42c3-9e8/serviceAccounts/apu-comparativo-sa@project-452fd151-b35e-42c3-9e8.iam.gserviceaccount.com",
            "member": "serviceAccount:apu-comparativo-sa@project-452fd151-b35e-42c3-9e8.iam.gserviceaccount.com",
            "name": "projects/project-452fd151-b35e-42c3-9e8/serviceAccounts/apu-comparativo-sa@project-452fd151-b35e-42c3-9e8.iam.gserviceaccount.com",
            "project": "project-452fd151-b35e-42c3-9e8",
            "timeouts": null,
            "unique_id": "113154675214955579044"
          },
          "sensitive_attributes": [],
          "identity_schema_version": 0,
          "private": "eyJlMmJmYjczMC1lY2FhLTExZTYtOGY4OC0zNDM2M2JjN2M0YzAiOnsiY3JlYXRlIjozMDAwMDAwMDAwMDB9fQ=="
        }
      ]
    },
    {
      "mode": "managed",
      "type": "google_service_account",
      "name": "deployer_sa",
      "provider": "provider[\"registry.terraform.io/hashicorp/google\"]",
      "instances": [
        {
          "schema_version": 0,
          "attributes": {
            "account_id": "apu-deployer-sa",
            "create_ignore_already_exists": null,
            "description": "SA usada por GitHub Actions para build \u0026 deploy.",
            "disabled": false,
            "display_name": "APU Deployer - CI/CD SA",
            "email": "apu-deployer-sa@project-452fd151-b35e-42c3-9e8.iam.gserviceaccount.com",
            "id": "projects/project-452fd151-b35e-42c3-9e8/serviceAccounts/apu-deployer-sa@project-452fd151-b35e-42c3-9e8.iam.gserviceaccount.com",
            "member": "serviceAccount:apu-deployer-sa@project-452fd151-b35e-42c3-9e8.iam.gserviceaccount.com",
            "name": "projects/project-452fd151-b35e-42c3-9e8/serviceAccounts/apu-deployer-sa@project-452fd151-b35e-42c3-9e8.iam.gserviceaccount.com",
            "project": "project-452fd151-b35e-42c3-9e8",
            "timeouts": null,
            "unique_id": "101503605496426585640"
          },
          "sensitive_attributes": [],
          "identity_schema_version": 0,
          "private": "eyJlMmJmYjczMC1lY2FhLTExZTYtOGY4OC0zNDM2M2JjN2M0YzAiOnsiY3JlYXRlIjozMDAwMDAwMDAwMDB9fQ=="
        }
      ]
    },
    {
      "mode": "managed",
      "type": "google_service_account_iam_member",
      "name": "deployer_actas_runtime",
      "provider": "provider[\"registry.terraform.io/hashicorp/google\"]",
      "instances": [
        {
          "schema_version": 0,
          "attributes": {
            "condition": [],
            "etag": "BwZTgiGhjHQ=",
            "id": "projects/project-452fd151-b35e-42c3-9e8/serviceAccounts/apu-comparativo-sa@project-452fd151-b35e-42c3-9e8.iam.gserviceaccount.com/roles/iam.serviceAccountUser/serviceAccount:apu-deployer-sa@project-452fd151-b35e-42c3-9e8.iam.gserviceaccount.com",
            "member": "serviceAccount:apu-deployer-sa@project-452fd151-b35e-42c3-9e8.iam.gserviceaccount.com",
            "role": "roles/iam.serviceAccountUser",
            "service_account_id": "projects/project-452fd151-b35e-42c3-9e8/serviceAccounts/apu-comparativo-sa@project-452fd151-b35e-42c3-9e8.iam.gserviceaccount.com"
          },
          "sensitive_attributes": [],
          "identity_schema_version": 0,
          "private": "bnVsbA==",
          "dependencies": [
            "google_service_account.apu_sa",
            "google_service_account.deployer_sa"
          ]
        }
      ]
    },
    {
      "mode": "managed",
      "type": "google_service_account_iam_member",
      "name": "wif_deployer",
      "provider": "provider[\"registry.terraform.io/hashicorp/google\"]",
      "instances": [
        {
          "schema_version": 0,
          "attributes": {
            "condition": [],
            "etag": "BwZTgncilSM=",
            "id": "projects/project-452fd151-b35e-42c3-9e8/serviceAccounts/apu-deployer-sa@project-452fd151-b35e-42c3-9e8.iam.gserviceaccount.com/roles/iam.workloadIdentityUser/principalSet://iam.googleapis.com/projects/285116077661/locations/global/workloadIdentityPools/github-pool/attribute.repository/spereze27/Mantum-Automatizador-APU",
            "member": "principalSet://iam.googleapis.com/projects/285116077661/locations/global/workloadIdentityPools/github-pool/attribute.repository/spereze27/Mantum-Automatizador-APU",
            "role": "roles/iam.workloadIdentityUser",
            "service_account_id": "projects/project-452fd151-b35e-42c3-9e8/serviceAccounts/apu-deployer-sa@project-452fd151-b35e-42c3-9e8.iam.gserviceaccount.com"
          },
          "sensitive_attributes": [],
          "identity_schema_version": 0,
          "private": "bnVsbA==",
          "dependencies": [
            "google_iam_workload_identity_pool.github",
            "google_service_account.deployer_sa"
          ]
        }
      ]
    },
    {
      "mode": "managed",
      "type": "google_storage_bucket",
      "name": "comparativos",
      "provider": "provider[\"registry.terraform.io/hashicorp/google\"]",
      "instances": [
        {
          "schema_version": 2,
          "attributes": {
            "autoclass": [],
            "cors": [],
            "custom_placement_config": [],
            "default_event_based_hold": false,
            "effective_labels": {},
            "enable_object_retention": false,
            "encryption": [],
            "force_destroy": false,
            "id": "mantum-apu-comparativos-452fd151",
            "labels": {},
            "lifecycle_rule": [
              {
                "action": [
                  {
                    "storage_class": "",
                    "type": "Delete"
                  }
                ],
                "condition": [
                  {
                    "age": 365,
                    "created_before": "",
                    "custom_time_before": "",
                    "days_since_custom_time": 0,
                    "days_since_noncurrent_time": 0,
                    "matches_prefix": [],
                    "matches_storage_class": [],
                    "matches_suffix": [],
                    "no_age": false,
                    "noncurrent_time_before": "",
                    "num_newer_versions": 0,
                    "send_age_if_zero": true,
                    "send_days_since_custom_time_if_zero": false,
                    "send_days_since_noncurrent_time_if_zero": false,
                    "send_num_newer_versions_if_zero": false,
                    "with_state": "ANY"
                  }
                ]
              }
            ],
            "location": "US-CENTRAL1",
            "logging": [],
            "name": "mantum-apu-comparativos-452fd151",
            "project": "project-452fd151-b35e-42c3-9e8",
            "project_number": 285116077661,
            "public_access_prevention": "inherited",
            "requester_pays": false,
            "retention_policy": [],
            "rpo": null,
            "self_link": "https://www.googleapis.com/storage/v1/b/mantum-apu-comparativos-452fd151",
            "soft_delete_policy": [
              {
                "effective_time": "2026-06-05T14:04:02.669Z",
                "retention_duration_seconds": 604800
              }
            ],
            "storage_class": "STANDARD",
            "terraform_labels": {},
            "timeouts": null,
            "uniform_bucket_level_access": true,
            "url": "gs://mantum-apu-comparativos-452fd151",
            "versioning": [
              {
                "enabled": true
              }
            ],
            "website": []
          },
          "sensitive_attributes": [],
          "identity_schema_version": 0,
          "private": "eyJlMmJmYjczMC1lY2FhLTExZTYtOGY4OC0zNDM2M2JjN2M0YzAiOnsiY3JlYXRlIjo2MDAwMDAwMDAwMDAsInJlYWQiOjI0MDAwMDAwMDAwMCwidXBkYXRlIjoyNDAwMDAwMDAwMDB9LCJzY2hlbWFfdmVyc2lvbiI6IjIifQ==",
          "dependencies": [
            "google_project_service.apis",
            "random_id.bucket_suffix"
          ]
        }
      ]
    },
    {
      "mode": "managed",
      "type": "google_storage_bucket_iam_member",
      "name": "sa_bucket_object_admin",
      "provider": "provider[\"registry.terraform.io/hashicorp/google\"]",
      "instances": [
        {
          "schema_version": 0,
          "attributes": {
            "bucket": "b/mantum-apu-comparativos-452fd151",
            "condition": [],
            "etag": "CAI=",
            "id": "b/mantum-apu-comparativos-452fd151/roles/storage.objectAdmin/serviceAccount:apu-comparativo-sa@project-452fd151-b35e-42c3-9e8.iam.gserviceaccount.com",
            "member": "serviceAccount:apu-comparativo-sa@project-452fd151-b35e-42c3-9e8.iam.gserviceaccount.com",
            "role": "roles/storage.objectAdmin"
          },
          "sensitive_attributes": [],
          "identity_schema_version": 0,
          "private": "bnVsbA==",
          "dependencies": [
            "google_project_service.apis",
            "google_service_account.apu_sa",
            "google_storage_bucket.comparativos",
            "random_id.bucket_suffix"
          ]
        }
      ]
    },
    {
      "mode": "managed",
      "type": "google_storage_bucket_object",
      "name": "input_prefix",
      "provider": "provider[\"registry.terraform.io/hashicorp/google\"]",
      "instances": [
        {
          "schema_version": 0,
          "attributes": {
            "bucket": "mantum-apu-comparativos-452fd151",
            "cache_control": "",
            "content": " ",
            "content_disposition": "",
            "content_encoding": "",
            "content_language": "",
            "content_type": "text/plain; charset=utf-8",
            "crc32c": "csDdjw==",
            "customer_encryption": [],
            "detect_md5hash": "chXunH2dwinSkhpA6JnsXw==",
            "event_based_hold": false,
            "generation": 1780668244557004,
            "id": "mantum-apu-comparativos-452fd151-comparativos/",
            "kms_key_name": "",
            "md5hash": "chXunH2dwinSkhpA6JnsXw==",
            "media_link": "https://storage.googleapis.com/download/storage/v1/b/mantum-apu-comparativos-452fd151/o/comparativos%2F?generation=1780668244557004\u0026alt=media",
            "metadata": {},
            "name": "comparativos/",
            "output_name": "comparativos/",
            "retention": [],
            "self_link": "https://www.googleapis.com/storage/v1/b/mantum-apu-comparativos-452fd151/o/comparativos%2F",
            "source": null,
            "storage_class": "STANDARD",
            "temporary_hold": false,
            "timeouts": null
          },
          "sensitive_attributes": [
            [
              {
                "type": "get_attr",
                "value": "content"
              }
            ]
          ],
          "identity_schema_version": 0,
          "private": "eyJlMmJmYjczMC1lY2FhLTExZTYtOGY4OC0zNDM2M2JjN2M0YzAiOnsiY3JlYXRlIjoyNDAwMDAwMDAwMDAsImRlbGV0ZSI6MjQwMDAwMDAwMDAwLCJ1cGRhdGUiOjI0MDAwMDAwMDAwMH19",
          "dependencies": [
            "google_project_service.apis",
            "google_storage_bucket.comparativos",
            "random_id.bucket_suffix"
          ]
        }
      ]
    },
    {
      "mode": "managed",
      "type": "google_storage_bucket_object",
      "name": "output_prefix",
      "provider": "provider[\"registry.terraform.io/hashicorp/google\"]",
      "instances": [
        {
          "schema_version": 0,
          "attributes": {
            "bucket": "mantum-apu-comparativos-452fd151",
            "cache_control": "",
            "content": " ",
            "content_disposition": "",
            "content_encoding": "",
            "content_language": "",
            "content_type": "text/plain; charset=utf-8",
            "crc32c": "csDdjw==",
            "customer_encryption": [],
            "detect_md5hash": "chXunH2dwinSkhpA6JnsXw==",
            "event_based_hold": false,
            "generation": 1780668244482057,
            "id": "mantum-apu-comparativos-452fd151-reportes/",
            "kms_key_name": "",
            "md5hash": "chXunH2dwinSkhpA6JnsXw==",
            "media_link": "https://storage.googleapis.com/download/storage/v1/b/mantum-apu-comparativos-452fd151/o/reportes%2F?generation=1780668244482057\u0026alt=media",
            "metadata": {},
            "name": "reportes/",
            "output_name": "reportes/",
            "retention": [],
            "self_link": "https://www.googleapis.com/storage/v1/b/mantum-apu-comparativos-452fd151/o/reportes%2F",
            "source": null,
            "storage_class": "STANDARD",
            "temporary_hold": false,
            "timeouts": null
          },
          "sensitive_attributes": [
            [
              {
                "type": "get_attr",
                "value": "content"
              }
            ]
          ],
          "identity_schema_version": 0,
          "private": "eyJlMmJmYjczMC1lY2FhLTExZTYtOGY4OC0zNDM2M2JjN2M0YzAiOnsiY3JlYXRlIjoyNDAwMDAwMDAwMDAsImRlbGV0ZSI6MjQwMDAwMDAwMDAwLCJ1cGRhdGUiOjI0MDAwMDAwMDAwMH19",
          "dependencies": [
            "google_project_service.apis",
            "google_storage_bucket.comparativos",
            "random_id.bucket_suffix"
          ]
        }
      ]
    },
    {
      "mode": "managed",
      "type": "random_id",
      "name": "bucket_suffix",
      "provider": "provider[\"registry.terraform.io/hashicorp/random\"]",
      "instances": [
        {
          "schema_version": 0,
          "attributes": {
            "b64_std": "plM4vw==",
            "b64_url": "plM4vw",
            "byte_length": 4,
            "dec": "2790471871",
            "hex": "a65338bf",
            "id": "plM4vw",
            "keepers": null,
            "prefix": null
          },
          "sensitive_attributes": [],
          "identity_schema_version": 0
        }
      ]
    }
  ],
  "check_results": null
}
