{
  "version": 4,
  "terraform_version": "1.15.5",
  "serial": 35,
  "lineage": "466325d0-67ad-75d5-3e15-cb0a22082345",
  "outputs": {
    "artifact_registry_repo": {
      "value": "us-central1-docker.pkg.dev/project-452fd151-b35e-42c3-9e8/apu-images",
      "type": "string"
    },
    "bucket_name": {
      "value": "mantum-apu-comparativos-452fd151",
      "type": "string"
    },
    "deployer_sa_email": {
      "value": "apu-deployer-sa@project-452fd151-b35e-42c3-9e8.iam.gserviceaccount.com",
      "type": "string"
    },
    "service_account_email": {
      "value": "apu-comparativo-sa@project-452fd151-b35e-42c3-9e8.iam.gserviceaccount.com",
      "type": "string"
    }
  },
  "resources": [
    {
      "mode": "managed",
      "type": "google_artifact_registry_repository",
      "name": "images",
      "provider": "provider[\"registry.terraform.io/hashicorp/google\"]",
      "instances": [
        {
          "schema_version": 0,
          "attributes": {
            "cleanup_policies": [],
            "cleanup_policy_dry_run": false,
            "create_time": "2026-06-05T14:04:17.032024Z",
            "description": "Imágenes del microservicio APU",
            "docker_config": [],
            "effective_labels": {},
            "format": "DOCKER",
            "id": "projects/project-452fd151-b35e-42c3-9e8/locations/us-central1/repositories/apu-images",
            "kms_key_name": "",
            "labels": null,
            "location": "us-central1",
            "maven_config": [],
            "mode": "STANDARD_REPOSITORY",
            "name": "apu-images",
            "project": "project-452fd151-b35e-42c3-9e8",
            "remote_repository_config": [],
            "repository_id": "apu-images",
            "terraform_labels": {},
            "timeouts": null,
            "update_time": "2026-06-05T14:04:17.032024Z",
            "virtual_repository_config": []
          },
          "sensitive_attributes": [],
          "identity_schema_version": 0,
          "private": "eyJlMmJmYjczMC1lY2FhLTExZTYtOGY4OC0zNDM2M2JjN2M0YzAiOnsiY3JlYXRlIjoxMjAwMDAwMDAwMDAwLCJkZWxldGUiOjEyMDAwMDAwMDAwMDAsInVwZGF0ZSI6MTIwMDAwMDAwMDAwMH19",
          "dependencies": [
            "google_project_service.apis"
          ]
        }
      ]
    },
    {
      "mode": "managed",
      "type": "google_cloud_run_v2_service",
      "name": "apu",
      "provider": "provider[\"registry.terraform.io/hashicorp/google\"]",
      "instances": [
        {
          "status": "tainted",
          "schema_version": 0,
          "attributes": {
            "annotations": null,
            "binary_authorization": [],
            "client": null,
            "client_version": null,
            "conditions": null,
            "create_time": null,
            "creator": null,
            "custom_audiences": null,
            "delete_time": null,
            "description": null,
            "effective_annotations": null,
            "effective_labels": null,
            "etag": null,
            "expire_time": null,
            "generation": null,
            "id": "projects/project-452fd151-b35e-42c3-9e8/locations/us-central1/services/apu-comparativo-mtto",
            "ingress": "INGRESS_TRAFFIC_ALL",
            "labels": null,
            "last_modifier": null,
            "latest_created_revision": null,
            "latest_ready_revision": null,
            "launch_stage": null,
            "location": "us-central1",
            "name": "apu-comparativo-mtto",
            "observed_generation": null,
            "project": "project-452fd151-b35e-42c3-9e8",
            "reconciling": null,
            "template": [
              {
                "annotations": null,
                "containers": [
                  {
                    "args": null,
                    "command": null,
                    "depends_on": null,
                    "env": [
                      {
                        "name": "GCP_PROJECT_ID",
                        "value": "project-452fd151-b35e-42c3-9e8",
                        "value_source": []
                      },
                      {
                        "name": "GCP_REGION",
                        "value": "us-central1",
                        "value_source": []
                      },
                      {
                        "name": "GCS_BUCKET_NAME",
                        "value": "mantum-apu-comparativos-452fd151",
                        "value_source": []
                      },
                      {
                        "name": "GCS_INPUT_PREFIX",
                        "value": "comparativos/",
                        "value_source": []
                      },
                      {
                        "name": "GCS_OUTPUT_PREFIX",
                        "value": "reportes/",
                        "value_source": []
                      },
                      {
                        "name": "WAREHOUSE_SHEET_URL",
                        "value": "https://docs.google.com/spreadsheets/d/1tHcxmpupqf-QHCU53kW0VxZzOsRY8yIb/edit",
                        "value_source": []
                      },
                      {
                        "name": "WAREHOUSE_TAB",
                        "value": "BD APU MTTO",
                        "value_source": []
                      },
                      {
                        "name": "WAREHOUSE_HEADER_ROW",
                        "value": "2",
                        "value_source": []
                      },
                      {
                        "name": "IPC_VARIATION",
                        "value": "0.0528",
                        "value_source": []
                      },
                      {
                        "name": "APPLY_IPC_TO_WAREHOUSE",
                        "value": "true",
                        "value_source": []
                      },
                      {
                        "name": "APPLY_IPC_TO_COMPARATIVOS",
                        "value": "false",
                        "value_source": []
                      },
                      {
                        "name": "FUZZY_THRESHOLD",
                        "value": "82",
                        "value_source": []
                      },
                      {
                        "name": "USE_EMBEDDINGS",
                        "value": "false",
                        "value_source": []
                      },
                      {
                        "name": "DRY_RUN",
                        "value": "false",
                        "value_source": []
                      }
                    ],
                    "image": "us-central1-docker.pkg.dev/project-452fd151-b35e-42c3-9e8/apu-images/apu-comparativo-mtto:latest",
                    "liveness_probe": [],
                    "name": "",
                    "ports": [],
                    "resources": [
                      {
                        "cpu_idle": false,
                        "limits": {
                          "cpu": "2",
                          "memory": "2Gi"
                        },
                        "startup_cpu_boost": false
                      }
                    ],
                    "startup_probe": [],
                    "volume_mounts": [],
                    "working_dir": ""
                  }
                ],
                "encryption_key": "",
                "execution_environment": "",
                "labels": null,
                "max_instance_request_concurrency": 0,
                "revision": "",
                "scaling": [
                  {
                    "max_instance_count": 2,
                    "min_instance_count": 0
                  }
                ],
                "service_account": "apu-comparativo-sa@project-452fd151-b35e-42c3-9e8.iam.gserviceaccount.com",
                "session_affinity": false,
                "timeout": "900s",
                "volumes": [],
                "vpc_access": []
              }
            ],
            "terminal_condition": null,
            "terraform_labels": null,
            "timeouts": null,
            "traffic": null,
            "traffic_statuses": null,
            "uid": null,
            "update_time": null,
            "uri": null
          },
          "sensitive_attributes": [],
          "identity_schema_version": 0,
          "private": "eyJlMmJmYjczMC1lY2FhLTExZTYtOGY4OC0zNDM2M2JjN2M0YzAiOnsiY3JlYXRlIjoxMjAwMDAwMDAwMDAwLCJkZWxldGUiOjEyMDAwMDAwMDAwMDAsInVwZGF0ZSI6MTIwMDAwMDAwMDAwMH19",
          "dependencies": [
            "google_artifact_registry_repository.images",
            "google_project_service.apis",
            "google_service_account.apu_sa",
            "google_storage_bucket.comparativos"
          ]
        }
      ]
    },
    {
      "mode": "managed",
      "type": "google_project_iam_member",
      "name": "deployer_roles",
      "provider": "provider[\"registry.terraform.io/hashicorp/google\"]",
      "instances": [
        {
          "index_key": "roles/artifactregistry.writer",
          "schema_version": 0,
          "attributes": {
            "condition": [],
            "etag": "BwZTgiI18sg=",
            "id": "project-452fd151-b35e-42c3-9e8/roles/artifactregistry.writer/serviceAccount:apu-deployer-sa@project-452fd151-b35e-42c3-9e8.iam.gserviceaccount.com",
            "member": "serviceAccount:apu-deployer-sa@project-452fd151-b35e-42c3-9e8.iam.gserviceaccount.com",
            "project": "project-452fd151-b35e-42c3-9e8",
            "role": "roles/artifactregistry.writer"
          },
          "sensitive_attributes": [],
          "identity_schema_version": 0,
          "private": "bnVsbA==",
          "dependencies": [
            "google_service_account.deployer_sa"
          ]
        },
        {
          "index_key": "roles/cloudbuild.builds.editor",
          "schema_version": 0,
          "attributes": {
            "condition": [],
            "etag": "BwZTgiI18sg=",
            "id": "project-452fd151-b35e-42c3-9e8/roles/cloudbuild.builds.editor/serviceAccount:apu-deployer-sa@project-452fd151-b35e-42c3-9e8.iam.gserviceaccount.com",
            "member": "serviceAccount:apu-deployer-sa@project-452fd151-b35e-42c3-9e8.iam.gserviceaccount.com",
            "project": "project-452fd151-b35e-42c3-9e8",
            "role": "roles/cloudbuild.builds.editor"
          },
          "sensitive_attributes": [],
          "identity_schema_version": 0,
          "private": "bnVsbA==",
          "dependencies": [
            "google_service_account.deployer_sa"
          ]
        },
        {
          "index_key": "roles/iam.serviceAccountUser",
          "schema_version": 0,
          "attributes": {
            "condition": [],
            "etag": "BwZTgiI18sg=",
            "id": "project-452fd151-b35e-42c3-9e8/roles/iam.serviceAccountUser/serviceAccount:apu-deployer-sa@project-452fd151-b35e-42c3-9e8.iam.gserviceaccount.com",
            "member": "serviceAccount:apu-deployer-sa@project-452fd151-b35e-42c3-9e8.iam.gserviceaccount.com",
            "project": "project-452fd151-b35e-42c3-9e8",
            "role": "roles/iam.serviceAccountUser"
          },
          "sensitive_attributes": [],
          "identity_schema_version": 0,
          "private": "bnVsbA==",
          "dependencies": [
            "google_service_account.deployer_sa"
          ]
        },
        {
          "index_key": "roles/run.admin",
          "schema_version": 0,
          "attributes": {
            "condition": [],
            "etag": "BwZTgiI18sg=",
            "id": "project-452fd151-b35e-42c3-9e8/roles/run.admin/serviceAccount:apu-deployer-sa@project-452fd151-b35e-42c3-9e8.iam.gserviceaccount.com",
            "member": "serviceAccount:apu-deployer-sa@project-452fd151-b35e-42c3-9e8.iam.gserviceaccount.com",
            "project": "project-452fd151-b35e-42c3-9e8",
            "role": "roles/run.admin"
          },
          "sensitive_attributes": [],
          "identity_schema_version": 0,
          "private": "bnVsbA==",
          "dependencies": [
            "google_service_account.deployer_sa"
          ]
        },
        {
          "index_key": "roles/storage.admin",
          "schema_version": 0,
          "attributes": {
            "condition": [],
            "etag": "BwZTgiI18sg=",
            "id": "project-452fd151-b35e-42c3-9e8/roles/storage.admin/serviceAccount:apu-deployer-sa@project-452fd151-b35e-42c3-9e8.iam.gserviceaccount.com",
            "member": "serviceAccount:apu-deployer-sa@project-452fd151-b35e-42c3-9e8.iam.gserviceaccount.com",
            "project": "project-452fd151-b35e-42c3-9e8",
            "role": "roles/storage.admin"
          },
          "sensitive_attributes": [],
          "identity_schema_version": 0,
          "private": "bnVsbA==",
          "dependencies": [
            "google_service_account.deployer_sa"
          ]
        }
      ]
    },
    {
      "mode": "managed",
      "type": "google_project_service",
      "name": "apis",
      "provider": "provider[\"registry.terraform.io/hashicorp/google\"]",
      "instances": [
        {
          "index_key": "artifactregistry.googleapis.com",
          "schema_version": 0,
          "attributes": {
            "disable_dependent_services": null,
            "disable_on_destroy": false,
            "id": "project-452fd151-b35e-42c3-9e8/artifactregistry.googleapis.com",
            "project": "project-452fd151-b35e-42c3-9e8",
            "service": "artifactregistry.googleapis.com",
            "timeouts": null
          },
          "sensitive_attributes": [],
          "identity_schema_version": 0,
          "private": "eyJlMmJmYjczMC1lY2FhLTExZTYtOGY4OC0zNDM2M2JjN2M0YzAiOnsiY3JlYXRlIjoxMjAwMDAwMDAwMDAwLCJkZWxldGUiOjEyMDAwMDAwMDAwMDAsInJlYWQiOjYwMDAwMDAwMDAwMCwidXBkYXRlIjoxMjAwMDAwMDAwMDAwfX0="
        },
        {
          "index_key": "cloudbuild.googleapis.com",
          "schema_version": 0,
          "attributes": {
            "disable_dependent_services": null,
            "disable_on_destroy": false,
            "id": "project-452fd151-b35e-42c3-9e8/cloudbuild.googleapis.com",
            "project": "project-452fd151-b35e-42c3-9e8",
            "service": "cloudbuild.googleapis.com",
            "timeouts": null
          },
          "sensitive_attributes": [],
          "identity_schema_version": 0,
          "private": "eyJlMmJmYjczMC1lY2FhLTExZTYtOGY4OC0zNDM2M2JjN2M0YzAiOnsiY3JlYXRlIjoxMjAwMDAwMDAwMDAwLCJkZWxldGUiOjEyMDAwMDAwMDAwMDAsInJlYWQiOjYwMDAwMDAwMDAwMCwidXBkYXRlIjoxMjAwMDAwMDAwMDAwfX0="
        },
        {
          "index_key": "drive.googleapis.com",
          "schema_version": 0,
          "attributes": {
            "disable_dependent_services": null,
            "disable_on_destroy": false,
            "id": "project-452fd151-b35e-42c3-9e8/drive.googleapis.com",
            "project": "project-452fd151-b35e-42c3-9e8",
            "service": "drive.googleapis.com",
            "timeouts": null
          },
          "sensitive_attributes": [],
          "identity_schema_version": 0,
          "private": "eyJlMmJmYjczMC1lY2FhLTExZTYtOGY4OC0zNDM2M2JjN2M0YzAiOnsiY3JlYXRlIjoxMjAwMDAwMDAwMDAwLCJkZWxldGUiOjEyMDAwMDAwMDAwMDAsInJlYWQiOjYwMDAwMDAwMDAwMCwidXBkYXRlIjoxMjAwMDAwMDAwMDAwfX0="
        },
        {
          "index_key": "iam.googleapis.com",
          "schema_version": 0,
          "attributes": {
            "disable_dependent_services": null,
            "disable_on_destroy": false,
            "id": "project-452fd151-b35e-42c3-9e8/iam.googleapis.com",
            "project": "project-452fd151-b35e-42c3-9e8",
            "service": "iam.googleapis.com",
            "timeouts": null
          },
          "sensitive_attributes": [],
          "identity_schema_version": 0,
          "private": "eyJlMmJmYjczMC1lY2FhLTExZTYtOGY4OC0zNDM2M2JjN2M0YzAiOnsiY3JlYXRlIjoxMjAwMDAwMDAwMDAwLCJkZWxldGUiOjEyMDAwMDAwMDAwMDAsInJlYWQiOjYwMDAwMDAwMDAwMCwidXBkYXRlIjoxMjAwMDAwMDAwMDAwfX0="
        },
        {
          "index_key": "iamcredentials.googleapis.com",
          "schema_version": 0,
          "attributes": {
            "disable_dependent_services": null,
            "disable_on_destroy": false,
            "id": "project-452fd151-b35e-42c3-9e8/iamcredentials.googleapis.com",
            "project": "project-452fd151-b35e-42c3-9e8",
            "service": "iamcredentials.googleapis.com",
            "timeouts": null
          },
          "sensitive_attributes": [],
          "identity_schema_version": 0,
          "private": "eyJlMmJmYjczMC1lY2FhLTExZTYtOGY4OC0zNDM2M2JjN2M0YzAiOnsiY3JlYXRlIjoxMjAwMDAwMDAwMDAwLCJkZWxldGUiOjEyMDAwMDAwMDAwMDAsInJlYWQiOjYwMDAwMDAwMDAwMCwidXBkYXRlIjoxMjAwMDAwMDAwMDAwfX0="
        },
        {
          "index_key": "run.googleapis.com",
          "schema_version": 0,
          "attributes": {
            "disable_dependent_services": null,
            "disable_on_destroy": false,
            "id": "project-452fd151-b35e-42c3-9e8/run.googleapis.com",
            "project": "project-452fd151-b35e-42c3-9e8",
            "service": "run.googleapis.com",
            "timeouts": null
          },
          "sensitive_attributes": [],
          "identity_schema_version": 0,
          "private": "eyJlMmJmYjczMC1lY2FhLTExZTYtOGY4OC0zNDM2M2JjN2M0YzAiOnsiY3JlYXRlIjoxMjAwMDAwMDAwMDAwLCJkZWxldGUiOjEyMDAwMDAwMDAwMDAsInJlYWQiOjYwMDAwMDAwMDAwMCwidXBkYXRlIjoxMjAwMDAwMDAwMDAwfX0="
        },
        {
          "index_key": "sheets.googleapis.com",
          "schema_version": 0,
          "attributes": {
            "disable_dependent_services": null,
            "disable_on_destroy": false,
            "id": "project-452fd151-b35e-42c3-9e8/sheets.googleapis.com",
            "project": "project-452fd151-b35e-42c3-9e8",
            "service": "sheets.googleapis.com",
            "timeouts": null
          },
          "sensitive_attributes": [],
          "identity_schema_version": 0,
          "private": "eyJlMmJmYjczMC1lY2FhLTExZTYtOGY4OC0zNDM2M2JjN2M0YzAiOnsiY3JlYXRlIjoxMjAwMDAwMDAwMDAwLCJkZWxldGUiOjEyMDAwMDAwMDAwMDAsInJlYWQiOjYwMDAwMDAwMDAwMCwidXBkYXRlIjoxMjAwMDAwMDAwMDAwfX0="
        },
        {
          "index_key": "storage.googleapis.com",
          "schema_version": 0,
          "attributes": {
            "disable_dependent_services": null,
            "disable_on_destroy": false,
            "id": "project-452fd151-b35e-42c3-9e8/storage.googleapis.com",
            "project": "project-452fd151-b35e-42c3-9e8",
            "service": "storage.googleapis.com",
            "timeouts": null
          },
          "sensitive_attributes": [],
          "identity_schema_version": 0,
          "private": "eyJlMmJmYjczMC1lY2FhLTExZTYtOGY4OC0zNDM2M2JjN2M0YzAiOnsiY3JlYXRlIjoxMjAwMDAwMDAwMDAwLCJkZWxldGUiOjEyMDAwMDAwMDAwMDAsInJlYWQiOjYwMDAwMDAwMDAwMCwidXBkYXRlIjoxMjAwMDAwMDAwMDAwfX0="
        }
      ]
    },
    {
      "mode": "managed",
      "type": "google_service_account",
      "name": "apu_sa",
      "provider": "provider[\"registry.terraform.io/hashicorp/google\"]",
      "instances": [
        {
          "schema_version": 0,
          "attributes": {
            "account_id": "apu-comparativo-sa",
            "create_ignore_already_exists": null,
            "description": "SA usada por el servicio para leer/escribir GCS y Sheets.",
            "disabled": false,
            "display_name": "APU Comparativo - Cloud Run runtime SA",
            "email": "apu-comparativo-sa@project-452fd151-b35e-42c3-9e8.iam.gserviceaccount.com",
            "id": "projects/project-452fd151-b35e-42c3-9e8/serviceAccounts/apu-comparativo-sa@project-452fd151-b35e-42c3-9e8.iam.gserviceaccount.com",
            "member": "serviceAccount:apu-comparativo-sa@project-452fd151-b35e-42c3-9e8.iam.gserviceaccount.com",
            "name": "projects/project-452fd151-b35e-42c3-9e8/serviceAccounts/apu-comparativo-sa@project-452fd151-b35e-42c3-9e8.iam.gserviceaccount.com",
            "project": "project-452fd151-b35e-42c3-9e8",
            "timeouts": null,
            "unique_id": "113154675214955579044"
          },
          "sensitive_attributes": [],
          "identity_schema_version": 0,
          "private": "eyJlMmJmYjczMC1lY2FhLTExZTYtOGY4OC0zNDM2M2JjN2M0YzAiOnsiY3JlYXRlIjozMDAwMDAwMDAwMDB9fQ=="
        }
      ]
    },
    {
      "mode": "managed",
      "type": "google_service_account",
      "name": "deployer_sa",
      "provider": "provider[\"registry.terraform.io/hashicorp/google\"]",
      "instances": [
        {
          "schema_version": 0,
          "attributes": {
            "account_id": "apu-deployer-sa",
            "create_ignore_already_exists": null,
            "description": "SA usada por GitHub Actions para build \u0026 deploy.",
            "disabled": false,
            "display_name": "APU Deployer - CI/CD SA",
            "email": "apu-deployer-sa@project-452fd151-b35e-42c3-9e8.iam.gserviceaccount.com",
            "id": "projects/project-452fd151-b35e-42c3-9e8/serviceAccounts/apu-deployer-sa@project-452fd151-b35e-42c3-9e8.iam.gserviceaccount.com",
            "member": "serviceAccount:apu-deployer-sa@project-452fd151-b35e-42c3-9e8.iam.gserviceaccount.com",
            "name": "projects/project-452fd151-b35e-42c3-9e8/serviceAccounts/apu-deployer-sa@project-452fd151-b35e-42c3-9e8.iam.gserviceaccount.com",
            "project": "project-452fd151-b35e-42c3-9e8",
            "timeouts": null,
            "unique_id": "101503605496426585640"
          },
          "sensitive_attributes": [],
          "identity_schema_version": 0,
          "private": "eyJlMmJmYjczMC1lY2FhLTExZTYtOGY4OC0zNDM2M2JjN2M0YzAiOnsiY3JlYXRlIjozMDAwMDAwMDAwMDB9fQ=="
        }
      ]
    },
    {
      "mode": "managed",
      "type": "google_service_account_iam_member",
      "name": "deployer_actas_runtime",
      "provider": "provider[\"registry.terraform.io/hashicorp/google\"]",
      "instances": [
        {
          "schema_version": 0,
          "attributes": {
            "condition": [],
            "etag": "BwZTgiGhjHQ=",
            "id": "projects/project-452fd151-b35e-42c3-9e8/serviceAccounts/apu-comparativo-sa@project-452fd151-b35e-42c3-9e8.iam.gserviceaccount.com/roles/iam.serviceAccountUser/serviceAccount:apu-deployer-sa@project-452fd151-b35e-42c3-9e8.iam.gserviceaccount.com",
            "member": "serviceAccount:apu-deployer-sa@project-452fd151-b35e-42c3-9e8.iam.gserviceaccount.com",
            "role": "roles/iam.serviceAccountUser",
            "service_account_id": "projects/project-452fd151-b35e-42c3-9e8/serviceAccounts/apu-comparativo-sa@project-452fd151-b35e-42c3-9e8.iam.gserviceaccount.com"
          },
          "sensitive_attributes": [],
          "identity_schema_version": 0,
          "private": "bnVsbA==",
          "dependencies": [
            "google_service_account.apu_sa",
            "google_service_account.deployer_sa"
          ]
        }
      ]
    },
    {
      "mode": "managed",
      "type": "google_storage_bucket",
      "name": "comparativos",
      "provider": "provider[\"registry.terraform.io/hashicorp/google\"]",
      "instances": [
        {
          "schema_version": 2,
          "attributes": {
            "autoclass": [],
            "cors": [],
            "custom_placement_config": [],
            "default_event_based_hold": false,
            "effective_labels": {},
            "enable_object_retention": false,
            "encryption": [],
            "force_destroy": false,
            "id": "mantum-apu-comparativos-452fd151",
            "labels": null,
            "lifecycle_rule": [
              {
                "action": [
                  {
                    "storage_class": "",
                    "type": "Delete"
                  }
                ],
                "condition": [
                  {
                    "age": 365,
                    "created_before": "",
                    "custom_time_before": "",
                    "days_since_custom_time": 0,
                    "days_since_noncurrent_time": 0,
                    "matches_prefix": [],
                    "matches_storage_class": [],
                    "matches_suffix": [],
                    "no_age": false,
                    "noncurrent_time_before": "",
                    "num_newer_versions": 0,
                    "send_age_if_zero": true,
                    "send_days_since_custom_time_if_zero": false,
                    "send_days_since_noncurrent_time_if_zero": false,
                    "send_num_newer_versions_if_zero": false,
                    "with_state": "ANY"
                  }
                ]
              }
            ],
            "location": "US-CENTRAL1",
            "logging": [],
            "name": "mantum-apu-comparativos-452fd151",
            "project": "project-452fd151-b35e-42c3-9e8",
            "project_number": 285116077661,
            "public_access_prevention": "inherited",
            "requester_pays": false,
            "retention_policy": [],
            "rpo": null,
            "self_link": "https://www.googleapis.com/storage/v1/b/mantum-apu-comparativos-452fd151",
            "soft_delete_policy": [
              {
                "effective_time": "2026-06-05T14:04:02.669Z",
                "retention_duration_seconds": 604800
              }
            ],
            "storage_class": "STANDARD",
            "terraform_labels": {},
            "timeouts": null,
            "uniform_bucket_level_access": true,
            "url": "gs://mantum-apu-comparativos-452fd151",
            "versioning": [
              {
                "enabled": true
              }
            ],
            "website": []
          },
          "sensitive_attributes": [],
          "identity_schema_version": 0,
          "private": "eyJlMmJmYjczMC1lY2FhLTExZTYtOGY4OC0zNDM2M2JjN2M0YzAiOnsiY3JlYXRlIjo2MDAwMDAwMDAwMDAsInJlYWQiOjI0MDAwMDAwMDAwMCwidXBkYXRlIjoyNDAwMDAwMDAwMDB9LCJzY2hlbWFfdmVyc2lvbiI6IjIifQ==",
          "dependencies": [
            "google_project_service.apis"
          ]
        }
      ]
    },
    {
      "mode": "managed",
      "type": "google_storage_bucket_iam_member",
      "name": "sa_bucket_object_admin",
      "provider": "provider[\"registry.terraform.io/hashicorp/google\"]",
      "instances": [
        {
          "schema_version": 0,
          "attributes": {
            "bucket": "b/mantum-apu-comparativos-452fd151",
            "condition": [],
            "etag": "CAI=",
            "id": "b/mantum-apu-comparativos-452fd151/roles/storage.objectAdmin/serviceAccount:apu-comparativo-sa@project-452fd151-b35e-42c3-9e8.iam.gserviceaccount.com",
            "member": "serviceAccount:apu-comparativo-sa@project-452fd151-b35e-42c3-9e8.iam.gserviceaccount.com",
            "role": "roles/storage.objectAdmin"
          },
          "sensitive_attributes": [],
          "identity_schema_version": 0,
          "private": "bnVsbA==",
          "dependencies": [
            "google_project_service.apis",
            "google_service_account.apu_sa",
            "google_storage_bucket.comparativos"
          ]
        }
      ]
    },
    {
      "mode": "managed",
      "type": "google_storage_bucket_object",
      "name": "input_prefix",
      "provider": "provider[\"registry.terraform.io/hashicorp/google\"]",
      "instances": [
        {
          "schema_version": 0,
          "attributes": {
            "bucket": "mantum-apu-comparativos-452fd151",
            "cache_control": "",
            "content": " ",
            "content_disposition": "",
            "content_encoding": "",
            "content_language": "",
            "content_type": "text/plain; charset=utf-8",
            "crc32c": "csDdjw==",
            "customer_encryption": [],
            "detect_md5hash": "chXunH2dwinSkhpA6JnsXw==",
            "event_based_hold": false,
            "generation": 1780668244557004,
            "id": "mantum-apu-comparativos-452fd151-comparativos/",
            "kms_key_name": "",
            "md5hash": "chXunH2dwinSkhpA6JnsXw==",
            "media_link": "https://storage.googleapis.com/download/storage/v1/b/mantum-apu-comparativos-452fd151/o/comparativos%2F?generation=1780668244557004\u0026alt=media",
            "metadata": null,
            "name": "comparativos/",
            "output_name": "comparativos/",
            "retention": [],
            "self_link": "https://www.googleapis.com/storage/v1/b/mantum-apu-comparativos-452fd151/o/comparativos%2F",
            "source": null,
            "storage_class": "STANDARD",
            "temporary_hold": false,
            "timeouts": null
          },
          "sensitive_attributes": [
            [
              {
                "type": "get_attr",
                "value": "content"
              }
            ]
          ],
          "identity_schema_version": 0,
          "private": "eyJlMmJmYjczMC1lY2FhLTExZTYtOGY4OC0zNDM2M2JjN2M0YzAiOnsiY3JlYXRlIjoyNDAwMDAwMDAwMDAsImRlbGV0ZSI6MjQwMDAwMDAwMDAwLCJ1cGRhdGUiOjI0MDAwMDAwMDAwMH19",
          "dependencies": [
            "google_project_service.apis",
            "google_storage_bucket.comparativos"
          ]
        }
      ]
    },
    {
      "mode": "managed",
      "type": "google_storage_bucket_object",
      "name": "output_prefix",
      "provider": "provider[\"registry.terraform.io/hashicorp/google\"]",
      "instances": [
        {
          "schema_version": 0,
          "attributes": {
            "bucket": "mantum-apu-comparativos-452fd151",
            "cache_control": "",
            "content": " ",
            "content_disposition": "",
            "content_encoding": "",
            "content_language": "",
            "content_type": "text/plain; charset=utf-8",
            "crc32c": "csDdjw==",
            "customer_encryption": [],
            "detect_md5hash": "chXunH2dwinSkhpA6JnsXw==",
            "event_based_hold": false,
            "generation": 1780668244482057,
            "id": "mantum-apu-comparativos-452fd151-reportes/",
            "kms_key_name": "",
            "md5hash": "chXunH2dwinSkhpA6JnsXw==",
            "media_link": "https://storage.googleapis.com/download/storage/v1/b/mantum-apu-comparativos-452fd151/o/reportes%2F?generation=1780668244482057\u0026alt=media",
            "metadata": null,
            "name": "reportes/",
            "output_name": "reportes/",
            "retention": [],
            "self_link": "https://www.googleapis.com/storage/v1/b/mantum-apu-comparativos-452fd151/o/reportes%2F",
            "source": null,
            "storage_class": "STANDARD",
            "temporary_hold": false,
            "timeouts": null
          },
          "sensitive_attributes": [
            [
              {
                "type": "get_attr",
                "value": "content"
              }
            ]
          ],
          "identity_schema_version": 0,
          "private": "eyJlMmJmYjczMC1lY2FhLTExZTYtOGY4OC0zNDM2M2JjN2M0YzAiOnsiY3JlYXRlIjoyNDAwMDAwMDAwMDAsImRlbGV0ZSI6MjQwMDAwMDAwMDAwLCJ1cGRhdGUiOjI0MDAwMDAwMDAwMH19",
          "dependencies": [
            "google_project_service.apis",
            "google_storage_bucket.comparativos"
          ]
        }
      ]
    }
  ],
  "check_results": null
}
